
Microsoft Visual Studio Solution File, Format Version 12.00
# Visual Studio Version 17
VisualStudioVersion = 17.5.33627.172
MinimumVisualStudioVersion = 10.0.40219.1
Project("{FAE04EC0-301F-11D3-BF4B-00C04F79EFBC}") = "Find_GerestorDeVendas", "Find_GerestorDeVendas\Find_GerestorDeVendas.csproj", "{0FB452D2-423A-48B7-B258-DEEA4638939D}"
EndProject
Global
	GlobalSection(SolutionConfigurationPlatforms) = preSolution
		Debug|Any CPU = Debug|Any CPU
		Release|Any CPU = Release|Any CPU
	EndGlobalSection
	GlobalSection(ProjectConfigurationPlatforms) = postSolution
		{0FB452D2-423A-48B7-B258-DEEA4638939D}.Debug|Any CPU.ActiveCfg = Debug|Any CPU
		{0FB452D2-423A-48B7-B258-DEEA4638939D}.Debug|Any CPU.Build.0 = Debug|Any CPU
		{0FB452D2-423A-48B7-B258-DEEA4638939D}.Release|Any CPU.ActiveCfg = Release|Any CPU
		{0FB452D2-423A-48B7-B258-DEEA4638939D}.Release|Any CPU.Build.0 = Release|Any CPU
	EndGlobalSection
	GlobalSection(SolutionProperties) = preSolution
		HideSolutionNode = FALSE
	EndGlobalSection
	GlobalSection(ExtensibilityGlobals) = postSolution
		SolutionGuid = {6677E112-2E0C-4B84-9DF8-A45988C424B3}
	EndGlobalSection
EndGlobal
